{
  "name": "day08",
  "version": "1.0.0",
  "lockfileVersion": 3,
  "requires": true,
  "packages": {
    "": {
      "name": "day08",
      "version": "1.0.0",
      "license": "ISC",
      "dependencies": {
        "chance": "^1.1.11",
        "randomcolor": "^0.6.2"
      }
    },
    "node_modules/chance": {
      "version": "1.1.11",
      "resolved": "https://registry.npmjs.org/chance/-/chance-1.1.11.tgz",
      "integrity": "sha512-kqTg3WWywappJPqtgrdvbA380VoXO2eu9VCV895JgbyHsaErXdyHK9LOZ911OvAk6L0obK7kDk9CGs8+oBawVA=="
    },
    "node_modules/randomcolor": {
      "version": "0.6.2",
      "resolved": "https://registry.npmjs.org/randomcolor/-/randomcolor-0.6.2.tgz",
      "integrity": "sha512-Mn6TbyYpFgwFuQ8KJKqf3bqqY9O1y37/0jgSK/61PUxV4QfIMv0+K2ioq8DfOjkBslcjwSzRfIDEXfzA9aCx7A=="
    }
  }
}
